
Microsoft Visual Studio Solution File, Format Version 12.00
# Visual Studio Version 17
VisualStudioVersion = 17.8.0.0
MinimumVisualStudioVersion = 17.8.0.0
Project("{9A19103F-16F7-4668-BE54-9A1E7A4F7556}") = "BaggageDemo.AppHost", "BaggageDemo.AppHost\BaggageDemo.AppHost.csproj", "{728F1FF4-DD3D-4140-9913-8B226A742FE0}"
EndProject
Project("{9A19103F-16F7-4668-BE54-9A1E7A4F7556}") = "BaggageDemo.ServiceDefaults", "BaggageDemo.ServiceDefaults\BaggageDemo.ServiceDefaults.csproj", "{C70D7437-E819-4650-854D-5092BE122132}"
EndProject
Project("{9A19103F-16F7-4668-BE54-9A1E7A4F7556}") = "BaggageDemo.ApiService", "BaggageDemo.ApiService\BaggageDemo.ApiService.csproj", "{846AE188-4AC4-4F87-A6C3-46195576CF5C}"
EndProject
Project("{9A19103F-16F7-4668-BE54-9A1E7A4F7556}") = "BaggageDemo.Web", "BaggageDemo.Web\BaggageDemo.Web.csproj", "{F4AA5701-D2F6-486C-B8F8-8C8242D35579}"
EndProject
Project("{FAE04EC0-301F-11D3-BF4B-00C04F79EFBC}") = "BaggageDemo.WebApi", "BaggageDemo.WebApi\BaggageDemo.WebApi.csproj", "{09E10F0D-BD6D-4484-9170-453F20F4BD6D}"
EndProject
Project("{FAE04EC0-301F-11D3-BF4B-00C04F79EFBC}") = "BaggageDemo.GrpcApi", "BaggageDemo.GrpcApi\BaggageDemo.GrpcApi.csproj", "{35174998-44B2-4381-8315-8B97EC264D4B}"
EndProject
Project("{FAE04EC0-301F-11D3-BF4B-00C04F79EFBC}") = "BaggageDemo.MessageHandler", "BaggageDemo.MessageHandler\BaggageDemo.MessageHandler.csproj", "{EB739DDA-AE33-46E1-B289-D878E32A89F2}"
EndProject
Project("{FAE04EC0-301F-11D3-BF4B-00C04F79EFBC}") = "BaggageDemo.Contracts", "BaggageDemo.Contracts\BaggageDemo.Contracts.csproj", "{C61A4118-E911-40EE-AC44-DBC5BF0FA094}"
EndProject
Global
	GlobalSection(SolutionConfigurationPlatforms) = preSolution
		Debug|Any CPU = Debug|Any CPU
		Debug|x64 = Debug|x64
		Debug|x86 = Debug|x86
		Release|Any CPU = Release|Any CPU
		Release|x64 = Release|x64
		Release|x86 = Release|x86
	EndGlobalSection
	GlobalSection(ProjectConfigurationPlatforms) = postSolution
		{728F1FF4-DD3D-4140-9913-8B226A742FE0}.Debug|Any CPU.ActiveCfg = Debug|Any CPU
		{728F1FF4-DD3D-4140-9913-8B226A742FE0}.Debug|Any CPU.Build.0 = Debug|Any CPU
		{728F1FF4-DD3D-4140-9913-8B226A742FE0}.Debug|x64.ActiveCfg = Debug|Any CPU
		{728F1FF4-DD3D-4140-9913-8B226A742FE0}.Debug|x64.Build.0 = Debug|Any CPU
		{728F1FF4-DD3D-4140-9913-8B226A742FE0}.Debug|x86.ActiveCfg = Debug|Any CPU
		{728F1FF4-DD3D-4140-9913-8B226A742FE0}.Debug|x86.Build.0 = Debug|Any CPU
		{728F1FF4-DD3D-4140-9913-8B226A742FE0}.Release|Any CPU.ActiveCfg = Release|Any CPU
		{728F1FF4-DD3D-4140-9913-8B226A742FE0}.Release|Any CPU.Build.0 = Release|Any CPU
		{728F1FF4-DD3D-4140-9913-8B226A742FE0}.Release|x64.ActiveCfg = Release|Any CPU
		{728F1FF4-DD3D-4140-9913-8B226A742FE0}.Release|x64.Build.0 = Release|Any CPU
		{728F1FF4-DD3D-4140-9913-8B226A742FE0}.Release|x86.ActiveCfg = Release|Any CPU
		{728F1FF4-DD3D-4140-9913-8B226A742FE0}.Release|x86.Build.0 = Release|Any CPU
		{C70D7437-E819-4650-854D-5092BE122132}.Debug|Any CPU.ActiveCfg = Debug|Any CPU
		{C70D7437-E819-4650-854D-5092BE122132}.Debug|Any CPU.Build.0 = Debug|Any CPU
		{C70D7437-E819-4650-854D-5092BE122132}.Debug|x64.ActiveCfg = Debug|Any CPU
		{C70D7437-E819-4650-854D-5092BE122132}.Debug|x64.Build.0 = Debug|Any CPU
		{C70D7437-E819-4650-854D-5092BE122132}.Debug|x86.ActiveCfg = Debug|Any CPU
		{C70D7437-E819-4650-854D-5092BE122132}.Debug|x86.Build.0 = Debug|Any CPU
		{C70D7437-E819-4650-854D-5092BE122132}.Release|Any CPU.ActiveCfg = Release|Any CPU
		{C70D7437-E819-4650-854D-5092BE122132}.Release|Any CPU.Build.0 = Release|Any CPU
		{C70D7437-E819-4650-854D-5092BE122132}.Release|x64.ActiveCfg = Release|Any CPU
		{C70D7437-E819-4650-854D-5092BE122132}.Release|x64.Build.0 = Release|Any CPU
		{C70D7437-E819-4650-854D-5092BE122132}.Release|x86.ActiveCfg = Release|Any CPU
		{C70D7437-E819-4650-854D-5092BE122132}.Release|x86.Build.0 = Release|Any CPU
		{846AE188-4AC4-4F87-A6C3-46195576CF5C}.Debug|Any CPU.ActiveCfg = Debug|Any CPU
		{846AE188-4AC4-4F87-A6C3-46195576CF5C}.Debug|Any CPU.Build.0 = Debug|Any CPU
		{846AE188-4AC4-4F87-A6C3-46195576CF5C}.Debug|x64.ActiveCfg = Debug|Any CPU
		{846AE188-4AC4-4F87-A6C3-46195576CF5C}.Debug|x64.Build.0 = Debug|Any CPU
		{846AE188-4AC4-4F87-A6C3-46195576CF5C}.Debug|x86.ActiveCfg = Debug|Any CPU
		{846AE188-4AC4-4F87-A6C3-46195576CF5C}.Debug|x86.Build.0 = Debug|Any CPU
		{846AE188-4AC4-4F87-A6C3-46195576CF5C}.Release|Any CPU.ActiveCfg = Release|Any CPU
		{846AE188-4AC4-4F87-A6C3-46195576CF5C}.Release|Any CPU.Build.0 = Release|Any CPU
		{846AE188-4AC4-4F87-A6C3-46195576CF5C}.Release|x64.ActiveCfg = Release|Any CPU
		{846AE188-4AC4-4F87-A6C3-46195576CF5C}.Release|x64.Build.0 = Release|Any CPU
		{846AE188-4AC4-4F87-A6C3-46195576CF5C}.Release|x86.ActiveCfg = Release|Any CPU
		{846AE188-4AC4-4F87-A6C3-46195576CF5C}.Release|x86.Build.0 = Release|Any CPU
		{F4AA5701-D2F6-486C-B8F8-8C8242D35579}.Debug|Any CPU.ActiveCfg = Debug|Any CPU
		{F4AA5701-D2F6-486C-B8F8-8C8242D35579}.Debug|Any CPU.Build.0 = Debug|Any CPU
		{F4AA5701-D2F6-486C-B8F8-8C8242D35579}.Debug|x64.ActiveCfg = Debug|Any CPU
		{F4AA5701-D2F6-486C-B8F8-8C8242D35579}.Debug|x64.Build.0 = Debug|Any CPU
		{F4AA5701-D2F6-486C-B8F8-8C8242D35579}.Debug|x86.ActiveCfg = Debug|Any CPU
		{F4AA5701-D2F6-486C-B8F8-8C8242D35579}.Debug|x86.Build.0 = Debug|Any CPU
		{F4AA5701-D2F6-486C-B8F8-8C8242D35579}.Release|Any CPU.ActiveCfg = Release|Any CPU
		{F4AA5701-D2F6-486C-B8F8-8C8242D35579}.Release|Any CPU.Build.0 = Release|Any CPU
		{F4AA5701-D2F6-486C-B8F8-8C8242D35579}.Release|x64.ActiveCfg = Release|Any CPU
		{F4AA5701-D2F6-486C-B8F8-8C8242D35579}.Release|x64.Build.0 = Release|Any CPU
		{F4AA5701-D2F6-486C-B8F8-8C8242D35579}.Release|x86.ActiveCfg = Release|Any CPU
		{F4AA5701-D2F6-486C-B8F8-8C8242D35579}.Release|x86.Build.0 = Release|Any CPU
		{09E10F0D-BD6D-4484-9170-453F20F4BD6D}.Debug|Any CPU.ActiveCfg = Debug|Any CPU
		{09E10F0D-BD6D-4484-9170-453F20F4BD6D}.Debug|Any CPU.Build.0 = Debug|Any CPU
		{09E10F0D-BD6D-4484-9170-453F20F4BD6D}.Debug|x64.ActiveCfg = Debug|Any CPU
		{09E10F0D-BD6D-4484-9170-453F20F4BD6D}.Debug|x64.Build.0 = Debug|Any CPU
		{09E10F0D-BD6D-4484-9170-453F20F4BD6D}.Debug|x86.ActiveCfg = Debug|Any CPU
		{09E10F0D-BD6D-4484-9170-453F20F4BD6D}.Debug|x86.Build.0 = Debug|Any CPU
		{09E10F0D-BD6D-4484-9170-453F20F4BD6D}.Release|Any CPU.ActiveCfg = Release|Any CPU
		{09E10F0D-BD6D-4484-9170-453F20F4BD6D}.Release|Any CPU.Build.0 = Release|Any CPU
		{09E10F0D-BD6D-4484-9170-453F20F4BD6D}.Release|x64.ActiveCfg = Release|Any CPU
		{09E10F0D-BD6D-4484-9170-453F20F4BD6D}.Release|x64.Build.0 = Release|Any CPU
		{09E10F0D-BD6D-4484-9170-453F20F4BD6D}.Release|x86.ActiveCfg = Release|Any CPU
		{09E10F0D-BD6D-4484-9170-453F20F4BD6D}.Release|x86.Build.0 = Release|Any CPU
		{35174998-44B2-4381-8315-8B97EC264D4B}.Debug|Any CPU.ActiveCfg = Debug|Any CPU
		{35174998-44B2-4381-8315-8B97EC264D4B}.Debug|Any CPU.Build.0 = Debug|Any CPU
		{35174998-44B2-4381-8315-8B97EC264D4B}.Debug|x64.ActiveCfg = Debug|Any CPU
		{35174998-44B2-4381-8315-8B97EC264D4B}.Debug|x64.Build.0 = Debug|Any CPU
		{35174998-44B2-4381-8315-8B97EC264D4B}.Debug|x86.ActiveCfg = Debug|Any CPU
		{35174998-44B2-4381-8315-8B97EC264D4B}.Debug|x86.Build.0 = Debug|Any CPU
		{35174998-44B2-4381-8315-8B97EC264D4B}.Release|Any CPU.ActiveCfg = Release|Any CPU
		{35174998-44B2-4381-8315-8B97EC264D4B}.Release|Any CPU.Build.0 = Release|Any CPU
		{35174998-44B2-4381-8315-8B97EC264D4B}.Release|x64.ActiveCfg = Release|Any CPU
		{35174998-44B2-4381-8315-8B97EC264D4B}.Release|x64.Build.0 = Release|Any CPU
		{35174998-44B2-4381-8315-8B97EC264D4B}.Release|x86.ActiveCfg = Release|Any CPU
		{35174998-44B2-4381-8315-8B97EC264D4B}.Release|x86.Build.0 = Release|Any CPU
		{EB739DDA-AE33-46E1-B289-D878E32A89F2}.Debug|Any CPU.ActiveCfg = Debug|Any CPU
		{EB739DDA-AE33-46E1-B289-D878E32A89F2}.Debug|Any CPU.Build.0 = Debug|Any CPU
		{EB739DDA-AE33-46E1-B289-D878E32A89F2}.Debug|x64.ActiveCfg = Debug|Any CPU
		{EB739DDA-AE33-46E1-B289-D878E32A89F2}.Debug|x64.Build.0 = Debug|Any CPU
		{EB739DDA-AE33-46E1-B289-D878E32A89F2}.Debug|x86.ActiveCfg = Debug|Any CPU
		{EB739DDA-AE33-46E1-B289-D878E32A89F2}.Debug|x86.Build.0 = Debug|Any CPU
		{EB739DDA-AE33-46E1-B289-D878E32A89F2}.Release|Any CPU.ActiveCfg = Release|Any CPU
		{EB739DDA-AE33-46E1-B289-D878E32A89F2}.Release|Any CPU.Build.0 = Release|Any CPU
		{EB739DDA-AE33-46E1-B289-D878E32A89F2}.Release|x64.ActiveCfg = Release|Any CPU
		{EB739DDA-AE33-46E1-B289-D878E32A89F2}.Release|x64.Build.0 = Release|Any CPU
		{EB739DDA-AE33-46E1-B289-D878E32A89F2}.Release|x86.ActiveCfg = Release|Any CPU
		{EB739DDA-AE33-46E1-B289-D878E32A89F2}.Release|x86.Build.0 = Release|Any CPU
		{C61A4118-E911-40EE-AC44-DBC5BF0FA094}.Debug|Any CPU.ActiveCfg = Debug|Any CPU
		{C61A4118-E911-40EE-AC44-DBC5BF0FA094}.Debug|Any CPU.Build.0 = Debug|Any CPU
		{C61A4118-E911-40EE-AC44-DBC5BF0FA094}.Debug|x64.ActiveCfg = Debug|Any CPU
		{C61A4118-E911-40EE-AC44-DBC5BF0FA094}.Debug|x64.Build.0 = Debug|Any CPU
		{C61A4118-E911-40EE-AC44-DBC5BF0FA094}.Debug|x86.ActiveCfg = Debug|Any CPU
		{C61A4118-E911-40EE-AC44-DBC5BF0FA094}.Debug|x86.Build.0 = Debug|Any CPU
		{C61A4118-E911-40EE-AC44-DBC5BF0FA094}.Release|Any CPU.ActiveCfg = Release|Any CPU
		{C61A4118-E911-40EE-AC44-DBC5BF0FA094}.Release|Any CPU.Build.0 = Release|Any CPU
		{C61A4118-E911-40EE-AC44-DBC5BF0FA094}.Release|x64.ActiveCfg = Release|Any CPU
		{C61A4118-E911-40EE-AC44-DBC5BF0FA094}.Release|x64.Build.0 = Release|Any CPU
		{C61A4118-E911-40EE-AC44-DBC5BF0FA094}.Release|x86.ActiveCfg = Release|Any CPU
		{C61A4118-E911-40EE-AC44-DBC5BF0FA094}.Release|x86.Build.0 = Release|Any CPU
	EndGlobalSection
	GlobalSection(SolutionProperties) = preSolution
		HideSolutionNode = FALSE
	EndGlobalSection
	GlobalSection(ExtensibilityGlobals) = postSolution
		SolutionGuid = {D8A3C051-3259-4FD3-A001-AFE73E138FEF}
	EndGlobalSection
EndGlobal
